
Microsoft Visual Studio Solution File, Format Version 12.00
# Visual Studio Version 16
VisualStudioVersion = 16.0.31424.327
MinimumVisualStudioVersion = 10.0.40219.1
Project("{FAE04EC0-301F-11D3-BF4B-00C04F79EFBC}") = "URLHandlerWPF", "URLHandlerWPF\URLHandlerWPF.csproj", "{00CE58CC-AB1B-48F4-B101-CEB32564DAF5}"
EndProject
Global
	GlobalSection(SolutionConfigurationPlatforms) = preSolution
		Debug|Any CPU = Debug|Any CPU
		Release|Any CPU = Release|Any CPU
	EndGlobalSection
	GlobalSection(ProjectConfigurationPlatforms) = postSolution
		{00CE58CC-AB1B-48F4-B101-CEB32564DAF5}.Debug|Any CPU.ActiveCfg = Debug|Any CPU
		{00CE58CC-AB1B-48F4-B101-CEB32564DAF5}.Debug|Any CPU.Build.0 = Debug|Any CPU
		{00CE58CC-AB1B-48F4-B101-CEB32564DAF5}.Release|Any CPU.ActiveCfg = Release|Any CPU
		{00CE58CC-AB1B-48F4-B101-CEB32564DAF5}.Release|Any CPU.Build.0 = Release|Any CPU
	EndGlobalSection
	GlobalSection(SolutionProperties) = preSolution
		HideSolutionNode = FALSE
	EndGlobalSection
	GlobalSection(ExtensibilityGlobals) = postSolution
		SolutionGuid = {8D84A845-7EB6-4C66-A48B-E5DA8C33593C}
	EndGlobalSection
EndGlobal
